
Microsoft Visual Studio Solution File, Format Version 12.00
# Visual Studio Version 17
VisualStudioVersion = 17.9.34607.119
MinimumVisualStudioVersion = 10.0.40219.1
Project("{FAE04EC0-301F-11D3-BF4B-00C04F79EFBC}") = "AngularApp", "AngularApp\AngularApp.csproj", "{4E506E83-55BF-4906-8E2C-EC6E906DE64E}"
EndProject
Global
	GlobalSection(SolutionConfigurationPlatforms) = preSolution
		Debug|Any CPU = Debug|Any CPU
		Release|Any CPU = Release|Any CPU
	EndGlobalSection
	GlobalSection(ProjectConfigurationPlatforms) = postSolution
		{4E506E83-55BF-4906-8E2C-EC6E906DE64E}.Debug|Any CPU.ActiveCfg = Debug|Any CPU
		{4E506E83-55BF-4906-8E2C-EC6E906DE64E}.Debug|Any CPU.Build.0 = Debug|Any CPU
		{4E506E83-55BF-4906-8E2C-EC6E906DE64E}.Release|Any CPU.ActiveCfg = Release|Any CPU
		{4E506E83-55BF-4906-8E2C-EC6E906DE64E}.Release|Any CPU.Build.0 = Release|Any CPU
	EndGlobalSection
	GlobalSection(SolutionProperties) = preSolution
		HideSolutionNode = FALSE
	EndGlobalSection
	GlobalSection(ExtensibilityGlobals) = postSolution
		SolutionGuid = {21170C95-673B-47E0-9144-C52A839BB6AA}
	EndGlobalSection
EndGlobal
